// !$*UTF8*$!
{
	archiveVersion = 1;
	classes = {
	};
	objectVersion = 46;
	objects = {

/* Begin PBXBuildFile section */
		4DA693BF1A52E2E600565EAC /* AppDelegate.swift in Sources */ = {isa = PBXBuildFile; fileRef = 4DA693BE1A52E2E600565EAC /* AppDelegate.swift */; };
		4DA693C11A52E2E600565EAC /* ViewController.swift in Sources */ = {isa = PBXBuildFile; fileRef = 4DA693C01A52E2E600565EAC /* ViewController.swift */; };
		4DA693C31A52E2E600565EAC /* Images.xcassets in Resources */ = {isa = PBXBuildFile; fileRef = 4DA693C21A52E2E600565EAC /* Images.xcassets */; };
		4DA693C61A52E2E600565EAC /* Main.storyboard in Resources */ = {isa = PBXBuildFile; fileRef = 4DA693C41A52E2E600565EAC /* Main.storyboard */; };
		4DA693D21A52E2E600565EAC /* LibPhoneNumberSwift_OSXTests.swift in Sources */ = {isa = PBXBuildFile; fileRef = 4DA693D11A52E2E600565EAC /* LibPhoneNumberSwift_OSXTests.swift */; };
		4DA693DF1A52E49F00565EAC /* Info.plist in Resources */ = {isa = PBXBuildFile; fileRef = 4DA693DC1A52E49F00565EAC /* Info.plist */; };
/* End PBXBuildFile section */

/* Begin PBXContainerItemProxy section */
		4DA693CC1A52E2E600565EAC /* PBXContainerItemProxy */ = {
			isa = PBXContainerItemProxy;
			containerPortal = 4DA693B11A52E2E600565EAC /* Project object */;
			proxyType = 1;
			remoteGlobalIDString = 4DA693B81A52E2E600565EAC;
			remoteInfo = LibPhoneNumberSwift_OSX;
		};
/* End PBXContainerItemProxy section */

/* Begin PBXFileReference section */
		4DA693B91A52E2E600565EAC /* LibPhoneNumberSwift_OSX.app */ = {isa = PBXFileReference; explicitFileType = wrapper.application; includeInIndex = 0; path = LibPhoneNumberSwift_OSX.app; sourceTree = BUILT_PRODUCTS_DIR; };
		4DA693BD1A52E2E600565EAC /* Info.plist */ = {isa = PBXFileReference; lastKnownFileType = text.plist.xml; path = Info.plist; sourceTree = "<group>"; };
		4DA693BE1A52E2E600565EAC /* AppDelegate.swift */ = {isa = PBXFileReference; lastKnownFileType = sourcecode.swift; path = AppDelegate.swift; sourceTree = "<group>"; };
		4DA693C01A52E2E600565EAC /* ViewController.swift */ = {isa = PBXFileReference; lastKnownFileType = sourcecode.swift; path = ViewController.swift; sourceTree = "<group>"; };
		4DA693C21A52E2E600565EAC /* Images.xcassets */ = {isa = PBXFileReference; lastKnownFileType = folder.assetcatalog; path = Images.xcassets; sourceTree = "<group>"; };
		4DA693C51A52E2E600565EAC /* Base */ = {isa = PBXFileReference; lastKnownFileType = file.storyboard; name = Base; path = Base.lproj/Main.storyboard; sourceTree = "<group>"; };
		4DA693CB1A52E2E600565EAC /* LibPhoneNumberSwift_OSXTests.xctest */ = {isa = PBXFileReference; explicitFileType = wrapper.cfbundle; includeInIndex = 0; path = LibPhoneNumberSwift_OSXTests.xctest; sourceTree = BUILT_PRODUCTS_DIR; };
		4DA693D01A52E2E600565EAC /* Info.plist */ = {isa = PBXFileReference; lastKnownFileType = text.plist.xml; path = Info.plist; sourceTree = "<group>"; };
		4DA693D11A52E2E600565EAC /* LibPhoneNumberSwift_OSXTests.swift */ = {isa = PBXFileReference; lastKnownFileType = sourcecode.swift; path = LibPhoneNumberSwift_OSXTests.swift; sourceTree = "<group>"; };
		4DA693DB1A52E49F00565EAC /* LibPhoneNumberSwift.h */ = {isa = PBXFileReference; fileEncoding = 4; lastKnownFileType = sourcecode.c.h; path = LibPhoneNumberSwift.h; sourceTree = "<group>"; };
		4DA693DC1A52E49F00565EAC /* Info.plist */ = {isa = PBXFileReference; fileEncoding = 4; lastKnownFileType = text.plist.xml; path = Info.plist; sourceTree = "<group>"; };
/* End PBXFileReference section */

/* Begin PBXFrameworksBuildPhase section */
		4DA693B61A52E2E600565EAC /* Frameworks */ = {
			isa = PBXFrameworksBuildPhase;
			buildActionMask = 2147483647;
			files = (
			);
			runOnlyForDeploymentPostprocessing = 0;
		};
		4DA693C81A52E2E600565EAC /* Frameworks */ = {
			isa = PBXFrameworksBuildPhase;
			buildActionMask = 2147483647;
			files = (
			);
			runOnlyForDeploymentPostprocessing = 0;
		};
/* End PBXFrameworksBuildPhase section */

/* Begin PBXGroup section */
		4DA693B01A52E2E600565EAC = {
			isa = PBXGroup;
			children = (
				4DA693DE1A52E49F00565EAC /* LibPhoneNumberSwift */,
				4DA693BB1A52E2E600565EAC /* LibPhoneNumberSwift_OSX */,
				4DA693CE1A52E2E600565EAC /* LibPhoneNumberSwift_OSXTests */,
				4DA693BA1A52E2E600565EAC /* Products */,
			);
			sourceTree = "<group>";
		};
		4DA693BA1A52E2E600565EAC /* Products */ = {
			isa = PBXGroup;
			children = (
				4DA693B91A52E2E600565EAC /* LibPhoneNumberSwift_OSX.app */,
				4DA693CB1A52E2E600565EAC /* LibPhoneNumberSwift_OSXTests.xctest */,
			);
			name = Products;
			sourceTree = "<group>";
		};
		4DA693BB1A52E2E600565EAC /* LibPhoneNumberSwift_OSX */ = {
			isa = PBXGroup;
			children = (
				4DA693BE1A52E2E600565EAC /* AppDelegate.swift */,
				4DA693C01A52E2E600565EAC /* ViewController.swift */,
				4DA693C21A52E2E600565EAC /* Images.xcassets */,
				4DA693C41A52E2E600565EAC /* Main.storyboard */,
				4DA693BC1A52E2E600565EAC /* Supporting Files */,
			);
			path = LibPhoneNumberSwift_OSX;
			sourceTree = "<group>";
		};
		4DA693BC1A52E2E600565EAC /* Supporting Files */ = {
			isa = PBXGroup;
			children = (
				4DA693BD1A52E2E600565EAC /* Info.plist */,
			);
			name = "Supporting Files";
			sourceTree = "<group>";
		};
		4DA693CE1A52E2E600565EAC /* LibPhoneNumberSwift_OSXTests */ = {
			isa = PBXGroup;
			children = (
				4DA693D11A52E2E600565EAC /* LibPhoneNumberSwift_OSXTests.swift */,
				4DA693CF1A52E2E600565EAC /* Supporting Files */,
			);
			path = LibPhoneNumberSwift_OSXTests;
			sourceTree = "<group>";
		};
		4DA693CF1A52E2E600565EAC /* Supporting Files */ = {
			isa = PBXGroup;
			children = (
				4DA693D01A52E2E600565EAC /* Info.plist */,
			);
			name = "Supporting Files";
			sourceTree = "<group>";
		};
		4DA693DD1A52E49F00565EAC /* Supporting Files */ = {
			isa = PBXGroup;
			children = (
				4DA693DC1A52E49F00565EAC /* Info.plist */,
			);
			name = "Supporting Files";
			sourceTree = "<group>";
		};
		4DA693DE1A52E49F00565EAC /* LibPhoneNumberSwift */ = {
			isa = PBXGroup;
			children = (
				4DA693DB1A52E49F00565EAC /* LibPhoneNumberSwift.h */,
				4DA693DD1A52E49F00565EAC /* Supporting Files */,
			);
			name = LibPhoneNumberSwift;
			path = ../LibPhoneNumberSwift/LibPhoneNumberSwift;
			sourceTree = "<group>";
		};
/* End PBXGroup section */

/* Begin PBXNativeTarget section */
		4DA693B81A52E2E600565EAC /* LibPhoneNumberSwift_OSX */ = {
			isa = PBXNativeTarget;
			buildConfigurationList = 4DA693D51A52E2E600565EAC /* Build configuration list for PBXNativeTarget "LibPhoneNumberSwift_OSX" */;
			buildPhases = (
				4DA693B51A52E2E600565EAC /* Sources */,
				4DA693B61A52E2E600565EAC /* Frameworks */,
				4DA693B71A52E2E600565EAC /* Resources */,
			);
			buildRules = (
			);
			dependencies = (
			);
			name = LibPhoneNumberSwift_OSX;
			productName = LibPhoneNumberSwift_OSX;
			productReference = 4DA693B91A52E2E600565EAC /* LibPhoneNumberSwift_OSX.app */;
			productType = "com.apple.product-type.application";
		};
		4DA693CA1A52E2E600565EAC /* LibPhoneNumberSwift_OSXTests */ = {
			isa = PBXNativeTarget;
			buildConfigurationList = 4DA693D81A52E2E600565EAC /* Build configuration list for PBXNativeTarget "LibPhoneNumberSwift_OSXTests" */;
			buildPhases = (
				4DA693C71A52E2E600565EAC /* Sources */,
				4DA693C81A52E2E600565EAC /* Frameworks */,
				4DA693C91A52E2E600565EAC /* Resources */,
			);
			buildRules = (
			);
			dependencies = (
				4DA693CD1A52E2E600565EAC /* PBXTargetDependency */,
			);
			name = LibPhoneNumberSwift_OSXTests;
			productName = LibPhoneNumberSwift_OSXTests;
			productReference = 4DA693CB1A52E2E600565EAC /* LibPhoneNumberSwift_OSXTests.xctest */;
			productType = "com.apple.product-type.bundle.unit-test";
		};
/* End PBXNativeTarget section */

/* Begin PBXProject section */
		4DA693B11A52E2E600565EAC /* Project object */ = {
			isa = PBXProject;
			attributes = {
				LastUpgradeCheck = 0620;
				ORGANIZATIONNAME = "Hyuk Hur";
				TargetAttributes = {
					4DA693B81A52E2E600565EAC = {
						CreatedOnToolsVersion = 6.2;
					};
					4DA693CA1A52E2E600565EAC = {
						CreatedOnToolsVersion = 6.2;
						TestTargetID = 4DA693B81A52E2E600565EAC;
					};
				};
			};
			buildConfigurationList = 4DA693B41A52E2E600565EAC /* Build configuration list for PBXProject "LibPhoneNumberSwift_OSX" */;
			compatibilityVersion = "Xcode 3.2";
			developmentRegion = English;
			hasScannedForEncodings = 0;
			knownRegions = (
				en,
				Base,
			);
			mainGroup = 4DA693B01A52E2E600565EAC;
			productRefGroup = 4DA693BA1A52E2E600565EAC /* Products */;
			projectDirPath = "";
			projectRoot = "";
			targets = (
				4DA693B81A52E2E600565EAC /* LibPhoneNumberSwift_OSX */,
				4DA693CA1A52E2E600565EAC /* LibPhoneNumberSwift_OSXTests */,
			);
		};
/* End PBXProject section */

/* Begin PBXResourcesBuildPhase section */
		4DA693B71A52E2E600565EAC /* Resources */ = {
			isa = PBXResourcesBuildPhase;
			buildActionMask = 2147483647;
			files = (
				4DA693C31A52E2E600565EAC /* Images.xcassets in Resources */,
				4DA693C61A52E2E600565EAC /* Main.storyboard in Resources */,
				4DA693DF1A52E49F00565EAC /* Info.plist in Resources */,
			);
			runOnlyForDeploymentPostprocessing = 0;
		};
		4DA693C91A52E2E600565EAC /* Resources */ = {
			isa = PBXResourcesBuildPhase;
			buildActionMask = 2147483647;
			files = (
			);
			runOnlyForDeploymentPostprocessing = 0;
		};
/* End PBXResourcesBuildPhase section */

/* Begin PBXSourcesBuildPhase section */
		4DA693B51A52E2E600565EAC /* Sources */ = {
			isa = PBXSourcesBuildPhase;
			buildActionMask = 2147483647;
			files = (
				4DA693C11A52E2E600565EAC /* ViewController.swift in Sources */,
				4DA693BF1A52E2E600565EAC /* AppDelegate.swift in Sources */,
			);
			runOnlyForDeploymentPostprocessing = 0;
		};
		4DA693C71A52E2E600565EAC /* Sources */ = {
			isa = PBXSourcesBuildPhase;
			buildActionMask = 2147483647;
			files = (
				4DA693D21A52E2E600565EAC /* LibPhoneNumberSwift_OSXTests.swift in Sources */,
			);
			runOnlyForDeploymentPostprocessing = 0;
		};
/* End PBXSourcesBuildPhase section */

/* Begin PBXTargetDependency section */
		4DA693CD1A52E2E600565EAC /* PBXTargetDependency */ = {
			isa = PBXTargetDependency;
			target = 4DA693B81A52E2E600565EAC /* LibPhoneNumberSwift_OSX */;
			targetProxy = 4DA693CC1A52E2E600565EAC /* PBXContainerItemProxy */;
		};
/* End PBXTargetDependency section */

/* Begin PBXVariantGroup section */
		4DA693C41A52E2E600565EAC /* Main.storyboard */ = {
			isa = PBXVariantGroup;
			children = (
				4DA693C51A52E2E600565EAC /* Base */,
			);
			name = Main.storyboard;
			sourceTree = "<group>";
		};
/* End PBXVariantGroup section */

/* Begin XCBuildConfiguration section */
		4DA693D31A52E2E600565EAC /* Debug */ = {
			isa = XCBuildConfiguration;
			buildSettings = {
				ALWAYS_SEARCH_USER_PATHS = NO;
				CLANG_CXX_LANGUAGE_STANDARD = "gnu++0x";
				CLANG_CXX_LIBRARY = "libc++";
				CLANG_ENABLE_MODULES = YES;
				CLANG_ENABLE_OBJC_ARC = YES;
				CLANG_WARN_BOOL_CONVERSION = YES;
				CLANG_WARN_CONSTANT_CONVERSION = YES;
				CLANG_WARN_DIRECT_OBJC_ISA_USAGE = YES_ERROR;
				CLANG_WARN_EMPTY_BODY = YES;
				CLANG_WARN_ENUM_CONVERSION = YES;
				CLANG_WARN_INT_CONVERSION = YES;
				CLANG_WARN_OBJC_ROOT_CLASS = YES_ERROR;
				CLANG_WARN_UNREACHABLE_CODE = YES;
				CLANG_WARN__DUPLICATE_METHOD_MATCH = YES;
				CODE_SIGN_IDENTITY = "-";
				COPY_PHASE_STRIP = NO;
				ENABLE_STRICT_OBJC_MSGSEND = YES;
				GCC_C_LANGUAGE_STANDARD = gnu99;
				GCC_DYNAMIC_NO_PIC = NO;
				GCC_OPTIMIZATION_LEVEL = 0;
				GCC_PREPROCESSOR_DEFINITIONS = (
					"DEBUG=1",
					"$(inherited)",
				);
				GCC_SYMBOLS_PRIVATE_EXTERN = NO;
				GCC_WARN_64_TO_32_BIT_CONVERSION = YES;
				GCC_WARN_ABOUT_RETURN_TYPE = YES_ERROR;
				GCC_WARN_UNDECLARED_SELECTOR = YES;
				GCC_WARN_UNINITIALIZED_AUTOS = YES_AGGRESSIVE;
				GCC_WARN_UNUSED_FUNCTION = YES;
				GCC_WARN_UNUSED_VARIABLE = YES;
				MACOSX_DEPLOYMENT_TARGET = 10.9;
				MTL_ENABLE_DEBUG_INFO = YES;
				ONLY_ACTIVE_ARCH = YES;
				SDKROOT = macosx;
				SWIFT_OPTIMIZATION_LEVEL = "-Onone";
			};
			name = Debug;
		};
		4DA693D41A52E2E600565EAC /* Release */ = {
			isa = XCBuildConfiguration;
			buildSettings = {
				ALWAYS_SEARCH_USER_PATHS = NO;
				CLANG_CXX_LANGUAGE_STANDARD = "gnu++0x";
				CLANG_CXX_LIBRARY = "libc++";
				CLANG_ENABLE_MODULES = YES;
				CLANG_ENABLE_OBJC_ARC = YES;
				CLANG_WARN_BOOL_CONVERSION = YES;
				CLANG_WARN_CONSTANT_CONVERSION = YES;
				CLANG_WARN_DIRECT_OBJC_ISA_USAGE = YES_ERROR;
				CLANG_WARN_EMPTY_BODY = YES;
				CLANG_WARN_ENUM_CONVERSION = YES;
				CLANG_WARN_INT_CONVERSION = YES;
				CLANG_WARN_OBJC_ROOT_CLASS = YES_ERROR;
				CLANG_WARN_UNREACHABLE_CODE = YES;
				CLANG_WARN__DUPLICATE_METHOD_MATCH = YES;
				CODE_SIGN_IDENTITY = "-";
				COPY_PHASE_STRIP = NO;
				DEBUG_INFORMATION_FORMAT = "dwarf-with-dsym";
				ENABLE_NS_ASSERTIONS = NO;
				ENABLE_STRICT_OBJC_MSGSEND = YES;
				GCC_C_LANGUAGE_STANDARD = gnu99;
				GCC_WARN_64_TO_32_BIT_CONVERSION = YES;
				GCC_WARN_ABOUT_RETURN_TYPE = YES_ERROR;
				GCC_WARN_UNDECLARED_SELECTOR = YES;
				GCC_WARN_UNINITIALIZED_AUTOS = YES_AGGRESSIVE;
				GCC_WARN_UNUSED_FUNCTION = YES;
				GCC_WARN_UNUSED_VARIABLE = YES;
				MACOSX_DEPLOYMENT_TARGET = 10.9;
				MTL_ENABLE_DEBUG_INFO = NO;
				SDKROOT = macosx;
			};
			name = Release;
		};
		4DA693D61A52E2E600565EAC /* Debug */ = {
			isa = XCBuildConfiguration;
			buildSettings = {
				ASSETCATALOG_COMPILER_APPICON_NAME = AppIcon;
				COMBINE_HIDPI_IMAGES = YES;
				INFOPLIST_FILE = LibPhoneNumberSwift_OSX/Info.plist;
				LD_RUNPATH_SEARCH_PATHS = "$(inherited) @executable_path/../Frameworks";
				PRODUCT_NAME = "$(TARGET_NAME)";
			};
			name = Debug;
		};
		4DA693D71A52E2E600565EAC /* Release */ = {
			isa = XCBuildConfiguration;
			buildSettings = {
				ASSETCATALOG_COMPILER_APPICON_NAME = AppIcon;
				COMBINE_HIDPI_IMAGES = YES;
				INFOPLIST_FILE = LibPhoneNumberSwift_OSX/Info.plist;
				LD_RUNPATH_SEARCH_PATHS = "$(inherited) @executable_path/../Frameworks";
				PRODUCT_NAME = "$(TARGET_NAME)";
			};
			name = Release;
		};
		4DA693D91A52E2E600565EAC /* Debug */ = {
			isa = XCBuildConfiguration;
			buildSettings = {
				BUNDLE_LOADER = "$(TEST_HOST)";
				COMBINE_HIDPI_IMAGES = YES;
				FRAMEWORK_SEARCH_PATHS = (
					"$(DEVELOPER_FRAMEWORKS_DIR)",
					"$(inherited)",
				);
				GCC_PREPROCESSOR_DEFINITIONS = (
					"DEBUG=1",
					"$(inherited)",
				);
				INFOPLIST_FILE = LibPhoneNumberSwift_OSXTests/Info.plist;
				LD_RUNPATH_SEARCH_PATHS = "$(inherited) @executable_path/../Frameworks @loader_path/../Frameworks";
				PRODUCT_NAME = "$(TARGET_NAME)";
				TEST_HOST = "$(BUILT_PRODUCTS_DIR)/LibPhoneNumberSwift_OSX.app/Contents/MacOS/LibPhoneNumberSwift_OSX";
			};
			name = Debug;
		};
		4DA693DA1A52E2E600565EAC /* Release */ = {
			isa = XCBuildConfiguration;
			buildSettings = {
				BUNDLE_LOADER = "$(TEST_HOST)";
				COMBINE_HIDPI_IMAGES = YES;
				FRAMEWORK_SEARCH_PATHS = (
					"$(DEVELOPER_FRAMEWORKS_DIR)",
					"$(inherited)",
				);
				INFOPLIST_FILE = LibPhoneNumberSwift_OSXTests/Info.plist;
				LD_RUNPATH_SEARCH_PATHS = "$(inherited) @executable_path/../Frameworks @loader_path/../Frameworks";
				PRODUCT_NAME = "$(TARGET_NAME)";
				TEST_HOST = "$(BUILT_PRODUCTS_DIR)/LibPhoneNumberSwift_OSX.app/Contents/MacOS/LibPhoneNumberSwift_OSX";
			};
			name = Release;
		};
/* End XCBuildConfiguration section */

/* Begin XCConfigurationList section */
		4DA693B41A52E2E600565EAC /* Build configuration list for PBXProject "LibPhoneNumberSwift_OSX" */ = {
			isa = XCConfigurationList;
			buildConfigurations = (
				4DA693D31A52E2E600565EAC /* Debug */,
				4DA693D41A52E2E600565EAC /* Release */,
			);
			defaultConfigurationIsVisible = 0;
			defaultConfigurationName = Release;
		};
		4DA693D51A52E2E600565EAC /* Build configuration list for PBXNativeTarget "LibPhoneNumberSwift_OSX" */ = {
			isa = XCConfigurationList;
			buildConfigurations = (
				4DA693D61A52E2E600565EAC /* Debug */,
				4DA693D71A52E2E600565EAC /* Release */,
			);
			defaultConfigurationIsVisible = 0;
		};
		4DA693D81A52E2E600565EAC /* Build configuration list for PBXNativeTarget "LibPhoneNumberSwift_OSXTests" */ = {
			isa = XCConfigurationList;
			buildConfigurations = (
				4DA693D91A52E2E600565EAC /* Debug */,
				4DA693DA1A52E2E600565EAC /* Release */,
			);
			defaultConfigurationIsVisible = 0;
		};
/* End XCConfigurationList section */
	};
	rootObject = 4DA693B11A52E2E600565EAC /* Project object */;
}
